
Microsoft Visual Studio Solution File, Format Version 12.00
# Visual Studio Version 16
VisualStudioVersion = 16.0.30523.141
MinimumVisualStudioVersion = 10.0.40219.1
Project("{FAE04EC0-301F-11D3-BF4B-00C04F79EFBC}") = "ExcelPass", "ExcelPass.csproj", "{A971944F-5F9E-41CA-81D9-E9A172FC552C}"
EndProject
Global
	GlobalSection(SolutionConfigurationPlatforms) = preSolution
		Debug|Any CPU = Debug|Any CPU
		Release|Any CPU = Release|Any CPU
	EndGlobalSection
	GlobalSection(ProjectConfigurationPlatforms) = postSolution
		{A971944F-5F9E-41CA-81D9-E9A172FC552C}.Debug|Any CPU.ActiveCfg = Debug|Any CPU
		{A971944F-5F9E-41CA-81D9-E9A172FC552C}.Debug|Any CPU.Build.0 = Debug|Any CPU
		{A971944F-5F9E-41CA-81D9-E9A172FC552C}.Release|Any CPU.ActiveCfg = Release|Any CPU
		{A971944F-5F9E-41CA-81D9-E9A172FC552C}.Release|Any CPU.Build.0 = Release|Any CPU
	EndGlobalSection
	GlobalSection(SolutionProperties) = preSolution
		HideSolutionNode = FALSE
	EndGlobalSection
	GlobalSection(ExtensibilityGlobals) = postSolution
		SolutionGuid = {6FD2E686-4E98-4C9A-8567-E23487A07A7D}
	EndGlobalSection
EndGlobal
